
Microsoft Visual Studio Solution File, Format Version 12.00
# Visual Studio Version 17
VisualStudioVersion = 17.7.34024.191
MinimumVisualStudioVersion = 10.0.40219.1
Project("{FAE04EC0-301F-11D3-BF4B-00C04F79EFBC}") = "Test_Mostenire", "Test_Mostenire\Test_Mostenire.csproj", "{FC5F372B-0E2E-42BF-89B3-5F1BAE726209}"
EndProject
Global
	GlobalSection(SolutionConfigurationPlatforms) = preSolution
		Debug|Any CPU = Debug|Any CPU
		Release|Any CPU = Release|Any CPU
	EndGlobalSection
	GlobalSection(ProjectConfigurationPlatforms) = postSolution
		{FC5F372B-0E2E-42BF-89B3-5F1BAE726209}.Debug|Any CPU.ActiveCfg = Debug|Any CPU
		{FC5F372B-0E2E-42BF-89B3-5F1BAE726209}.Debug|Any CPU.Build.0 = Debug|Any CPU
		{FC5F372B-0E2E-42BF-89B3-5F1BAE726209}.Release|Any CPU.ActiveCfg = Release|Any CPU
		{FC5F372B-0E2E-42BF-89B3-5F1BAE726209}.Release|Any CPU.Build.0 = Release|Any CPU
	EndGlobalSection
	GlobalSection(SolutionProperties) = preSolution
		HideSolutionNode = FALSE
	EndGlobalSection
	GlobalSection(ExtensibilityGlobals) = postSolution
		SolutionGuid = {A94083B8-6FFD-4597-B23C-64F9AE1E8289}
	EndGlobalSection
EndGlobal
